{
  "name": "@internal/splat-transform-native-source",
  "version": "0.0.1",
  "lockfileVersion": 3,
  "requires": true,
  "packages": {
    "": {
      "name": "@internal/splat-transform-native-source",
      "version": "0.0.1",
      "dependencies": {
        "cmake-js": "^8.0.0",
        "node-addon-api": "^8.9.0",
        "node-api-headers": "^1.9.0",
        "yargs": "^18.0.0"
      }
    },
    "../../../node_modules/.pnpm/cmake-js@8.0.0/node_modules/cmake-js": {
      "version": "8.0.0",
      "license": "MIT",
      "dependencies": {
        "debug": "^4.4.3",
        "fs-extra": "^11.3.3",
        "node-api-headers": "^1.8.0",
        "rc": "1.2.8",
        "semver": "^7.7.3",
        "tar": "^7.5.6",
        "url-join": "^4.0.1",
        "which": "^6.0.0",
        "yargs": "^17.7.2"
      },
      "bin": {
        "cmake-js": "bin/cmake-js"
      },
      "devDependencies": {
        "eslint": "^8.56.0",
        "eslint-config-prettier": "^9.1.0",
        "mocha": "*",
        "nan": "^2.25.0",
        "node-addon-api": "^6.1.0",
        "prettier": "^3.8.1"
      },
      "engines": {
        "node": "^20.17.0 || >=22.9.0"
      }
    },
    "../../../node_modules/.pnpm/node-addon-api@8.9.0/node_modules/node-addon-api": {
      "version": "8.9.0",
      "license": "MIT",
      "devDependencies": {
        "benchmark": "^2.1.4",
        "bindings": "^1.5.0",
        "clang-format": "^1.4.0",
        "eslint": "^9.13.0",
        "fs-extra": "^11.1.1",
        "neostandard": "^0.12.0",
        "pre-commit": "^1.2.2",
        "semver": "^7.6.0"
      },
      "engines": {
        "node": "^18 || ^20 || >= 21"
      }
    },
    "../../../node_modules/.pnpm/yargs@18.0.0/node_modules/yargs": {
      "version": "18.0.0",
      "license": "MIT",
      "dependencies": {
        "cliui": "^9.0.1",
        "escalade": "^3.1.1",
        "get-caller-file": "^2.0.5",
        "string-width": "^7.2.0",
        "y18n": "^5.0.5",
        "yargs-parser": "^22.0.0"
      },
      "devDependencies": {
        "@babel/eslint-parser": "^7.26.10",
        "@babel/preset-typescript": "^7.26.0",
        "@types/chai": "^4.2.11",
        "@types/mocha": "^9.0.0",
        "@types/node": "^20.0.0",
        "@typescript-eslint/eslint-plugin": "^8.26.1",
        "browserslist-generator": "^2.0.1",
        "c8": "^9.1.0",
        "chai": "^4.2.0",
        "chalk": "^4.0.0",
        "cpr": "^3.0.1",
        "cross-env": "^7.0.2",
        "cross-spawn": "^7.0.6",
        "eslint": "^8.57.1",
        "eslint-plugin-prettier": "^5.1.2",
        "gts": "^5.2.0",
        "hashish": "0.0.4",
        "mocha": "^10.8.2",
        "rimraf": "^3.0.2",
        "typescript": "^5.8.3",
        "which": "^2.0.0",
        "yargs-test-extends": "^1.0.1"
      },
      "engines": {
        "node": "^20.19.0 || ^22.12.0 || >=23"
      }
    },
    "node_modules/cmake-js": {
      "resolved": "../../../node_modules/.pnpm/cmake-js@8.0.0/node_modules/cmake-js",
      "link": true
    },
    "node_modules/node-addon-api": {
      "resolved": "../../../node_modules/.pnpm/node-addon-api@8.9.0/node_modules/node-addon-api",
      "link": true
    },
    "node_modules/node-api-headers": {
      "version": "1.9.0",
      "resolved": "https://registry.npmmirror.com/node-api-headers/-/node-api-headers-1.9.0.tgz",
      "integrity": "sha512-2oNILP4jXwRB4ywnYKjVk1YyJ96n2D4EOVJO6S3oYZ5PtbJrw3Yt9TpAuX3nBLMuzn74rnfGQrv13pS9vC+YiA==",
      "license": "MIT"
    },
    "node_modules/yargs": {
      "resolved": "../../../node_modules/.pnpm/yargs@18.0.0/node_modules/yargs",
      "link": true
    }
  }
}
